{
  "name": "testdouble-esm-test",
  "version": "1.0.0",
  "lockfileVersion": 1,
  "requires": true,
  "dependencies": {
    "function-bind": {
      "version": "1.1.1",
      "resolved": "https://registry.npmjs.org/function-bind/-/function-bind-1.1.1.tgz",
      "integrity": "sha512-yIovAzMX49sF8Yl58fSCWJ5svSLuaibPxXQJFLmBObTuCr0Mf1KiPopGM9NiFjiYBCbfaa2Fh6breQ6ANVTI0A=="
    },
    "has": {
      "version": "1.0.3",
      "resolved": "https://registry.npmjs.org/has/-/has-1.0.3.tgz",
      "integrity": "sha512-f2dvO0VU6Oej7RkWJGrehjbzMAjFp5/VKPp5tTpWIV4JHHZK1/BxbFRtf/siA2SWTe09caDmVtYYzWEIbBS4zw==",
      "requires": {
        "function-bind": "^1.1.1"
      }
    },
    "is-core-module": {
      "version": "2.1.0",
      "resolved": "https://registry.npmjs.org/is-core-module/-/is-core-module-2.1.0.tgz",
      "integrity": "sha512-YcV7BgVMRFRua2FqQzKtTDMz8iCuLEyGKjr70q8Zm1yy2qKcurbFEd79PAdHV77oL3NrAaOVQIbMmiHQCHB7ZA==",
      "requires": {
        "has": "^1.0.3"
      }
    },
    "is-plain-obj": {
      "version": "1.1.0",
      "resolved": "https://registry.npmjs.org/is-plain-obj/-/is-plain-obj-1.1.0.tgz",
      "integrity": "sha1-caUMhCnfync8kqOQpKA7OfzVHT4="
    },
    "is-regexp": {
      "version": "1.0.0",
      "resolved": "https://registry.npmjs.org/is-regexp/-/is-regexp-1.0.0.tgz",
      "integrity": "sha1-/S2INUXEa6xaYz57mgnof6LLUGk="
    },
    "lodash": {
      "version": "4.17.20",
      "resolved": "https://registry.npmjs.org/lodash/-/lodash-4.17.20.tgz",
      "integrity": "sha512-PlhdFcillOINfeV7Ni6oF1TAEayyZBoZ8bcshTHqOYJYlrqzRK5hagpagky5o4HfCzzd1TRkXPMFq6cKk9rGmA=="
    },
    "path-parse": {
      "version": "1.0.6",
      "resolved": "https://registry.npmjs.org/path-parse/-/path-parse-1.0.6.tgz",
      "integrity": "sha512-GSmOT2EbHrINBf9SR7CDELwlJ8AENk3Qn7OikK4nFYAu3Ote2+JYNVvkpAEQm3/TLNEJFD/xZJjzyxg3KBWOzw=="
    },
    "quibble": {
      "version": "0.6.4",
      "resolved": "https://registry.npmjs.org/quibble/-/quibble-0.6.4.tgz",
      "integrity": "sha512-hZXvHTiBcpCJ4cQ0FvR7tZJuyAF6k5Q1EZMExjTTY6eKng5wSMMWbithU8hNDQjV8vqYWqxasnf79QUDwX8WlQ==",
      "requires": {
        "lodash": "^4.17.14",
        "resolve": "^1.11.1"
      }
    },
    "resolve": {
      "version": "1.18.1",
      "resolved": "https://registry.npmjs.org/resolve/-/resolve-1.18.1.tgz",
      "integrity": "sha512-lDfCPaMKfOJXjy0dPayzPdF1phampNWr3qFCjAu+rw/qbQmr5jWH5xN2hwh9QKfw9E5v4hwV7A+jrCmL8yjjqA==",
      "requires": {
        "is-core-module": "^2.0.0",
        "path-parse": "^1.0.6"
      }
    },
    "stringify-object-es5": {
      "version": "2.5.0",
      "resolved": "https://registry.npmjs.org/stringify-object-es5/-/stringify-object-es5-2.5.0.tgz",
      "integrity": "sha1-BXw8mpChJzObudFwSikLt70KHsU=",
      "requires": {
        "is-plain-obj": "^1.0.0",
        "is-regexp": "^1.0.0"
      }
    },
    "testdouble": {
      "version": "3.16.1",
      "resolved": "https://registry.npmjs.org/testdouble/-/testdouble-3.16.1.tgz",
      "integrity": "sha512-diaNYjFfR8bdMhtwJ9c2KxHa7M8Al7YciU+kteutWIIendmCC61ZyqQBtprsFkb6Cd/rjBr2sEoUJ8bWIVHm6w==",
      "requires": {
        "lodash": "^4.17.15",
        "quibble": "^0.6.4",
        "stringify-object-es5": "^2.5.0",
        "theredoc": "^1.0.0"
      }
    },
    "theredoc": {
      "version": "1.0.0",
      "resolved": "https://registry.npmjs.org/theredoc/-/theredoc-1.0.0.tgz",
      "integrity": "sha512-KU3SA3TjRRM932jpNfD3u4Ec3bSvedyo5ITPI7zgWYnKep7BwQQaxlhI9qbO+lKJoRnoAbEVfMcAHRuKVYikDA=="
    }
  }
}
